// !$*UTF8*$!
{
	archiveVersion = 1;
	classes = {
	};
	objectVersion = 55;
	objects = {

/* Begin PBXBuildFile section */
		513E6F5928961FDC00234156 /* AppDelegate.swift in Sources */ = {isa = PBXBuildFile; fileRef = 513E6F5828961FDC00234156 /* AppDelegate.swift */; };
		513E6F5B28961FDC00234156 /* SceneDelegate.swift in Sources */ = {isa = PBXBuildFile; fileRef = 513E6F5A28961FDC00234156 /* SceneDelegate.swift */; };
		513E6F5D28961FDC00234156 /* LoginViewController.swift in Sources */ = {isa = PBXBuildFile; fileRef = 513E6F5C28961FDC00234156 /* LoginViewController.swift */; };
		513E6F6228961FEB00234156 /* Assets.xcassets in Resources */ = {isa = PBXBuildFile; fileRef = 513E6F6128961FEB00234156 /* Assets.xcassets */; };
		513E6F6528961FEB00234156 /* LaunchScreen.storyboard in Resources */ = {isa = PBXBuildFile; fileRef = 513E6F6328961FEB00234156 /* LaunchScreen.storyboard */; };
		51B1EDFB28ADABD3007A04BC /* LoginScreen.swift in Sources */ = {isa = PBXBuildFile; fileRef = 51B1EDFA28ADABD3007A04BC /* LoginScreen.swift */; };
		51B1EE0228AEFADB007A04BC /* HomeTabBarController.swift in Sources */ = {isa = PBXBuildFile; fileRef = 51B1EE0128AEFADB007A04BC /* HomeTabBarController.swift */; };
		51B1EE0628AEFB91007A04BC /* ProfileViewController.swift in Sources */ = {isa = PBXBuildFile; fileRef = 51B1EE0528AEFB91007A04BC /* ProfileViewController.swift */; };
		51B1EE0828AEFBB8007A04BC /* NoticeViewController.swift in Sources */ = {isa = PBXBuildFile; fileRef = 51B1EE0728AEFBB8007A04BC /* NoticeViewController.swift */; };
		51B1EE0D28B134C4007A04BC /* CustonTableViewCell.swift in Sources */ = {isa = PBXBuildFile; fileRef = 51B1EE0C28B134C4007A04BC /* CustonTableViewCell.swift */; };
		51B1EE1128BC3812007A04BC /* NetworkManager.swift in Sources */ = {isa = PBXBuildFile; fileRef = 51B1EE1028BC3812007A04BC /* NetworkManager.swift */; };
		51B1EE1328BC394C007A04BC /* ResponseNews.swift in Sources */ = {isa = PBXBuildFile; fileRef = 51B1EE1228BC394C007A04BC /* ResponseNews.swift */; };
		51B1F71928DA7ECA006FB8B2 /* NewsData.swift in Sources */ = {isa = PBXBuildFile; fileRef = 51B1F71828DA7ECA006FB8B2 /* NewsData.swift */; };
/* End PBXBuildFile section */

/* Begin PBXFileReference section */
		513E6F5528961FDC00234156 /* appLoginEbac.app */ = {isa = PBXFileReference; explicitFileType = wrapper.application; includeInIndex = 0; path = appLoginEbac.app; sourceTree = BUILT_PRODUCTS_DIR; };
		513E6F5828961FDC00234156 /* AppDelegate.swift */ = {isa = PBXFileReference; lastKnownFileType = sourcecode.swift; path = AppDelegate.swift; sourceTree = "<group>"; };
		513E6F5A28961FDC00234156 /* SceneDelegate.swift */ = {isa = PBXFileReference; lastKnownFileType = sourcecode.swift; path = SceneDelegate.swift; sourceTree = "<group>"; };
		513E6F5C28961FDC00234156 /* LoginViewController.swift */ = {isa = PBXFileReference; lastKnownFileType = sourcecode.swift; path = LoginViewController.swift; sourceTree = "<group>"; };
		513E6F6128961FEB00234156 /* Assets.xcassets */ = {isa = PBXFileReference; lastKnownFileType = folder.assetcatalog; path = Assets.xcassets; sourceTree = "<group>"; };
		513E6F6428961FEB00234156 /* Base */ = {isa = PBXFileReference; lastKnownFileType = file.storyboard; name = Base; path = Base.lproj/LaunchScreen.storyboard; sourceTree = "<group>"; };
		513E6F6628961FEB00234156 /* Info.plist */ = {isa = PBXFileReference; lastKnownFileType = text.plist.xml; path = Info.plist; sourceTree = "<group>"; };
		51B1EDFA28ADABD3007A04BC /* LoginScreen.swift */ = {isa = PBXFileReference; lastKnownFileType = sourcecode.swift; path = LoginScreen.swift; sourceTree = "<group>"; };
		51B1EE0128AEFADB007A04BC /* HomeTabBarController.swift */ = {isa = PBXFileReference; lastKnownFileType = sourcecode.swift; path = HomeTabBarController.swift; sourceTree = "<group>"; };
		51B1EE0528AEFB91007A04BC /* ProfileViewController.swift */ = {isa = PBXFileReference; lastKnownFileType = sourcecode.swift; path = ProfileViewController.swift; sourceTree = "<group>"; };
		51B1EE0728AEFBB8007A04BC /* NoticeViewController.swift */ = {isa = PBXFileReference; lastKnownFileType = sourcecode.swift; path = NoticeViewController.swift; sourceTree = "<group>"; };
		51B1EE0C28B134C4007A04BC /* CustonTableViewCell.swift */ = {isa = PBXFileReference; lastKnownFileType = sourcecode.swift; path = CustonTableViewCell.swift; sourceTree = "<group>"; };
		51B1EE1028BC3812007A04BC /* NetworkManager.swift */ = {isa = PBXFileReference; lastKnownFileType = sourcecode.swift; path = NetworkManager.swift; sourceTree = "<group>"; };
		51B1EE1228BC394C007A04BC /* ResponseNews.swift */ = {isa = PBXFileReference; lastKnownFileType = sourcecode.swift; path = ResponseNews.swift; sourceTree = "<group>"; };
		51B1F71828DA7ECA006FB8B2 /* NewsData.swift */ = {isa = PBXFileReference; lastKnownFileType = sourcecode.swift; path = NewsData.swift; sourceTree = "<group>"; };
/* End PBXFileReference section */

/* Begin PBXFrameworksBuildPhase section */
		513E6F5228961FDC00234156 /* Frameworks */ = {
			isa = PBXFrameworksBuildPhase;
			buildActionMask = 2147483647;
			files = (
			);
			runOnlyForDeploymentPostprocessing = 0;
		};
/* End PBXFrameworksBuildPhase section */

/* Begin PBXGroup section */
		513E6F4C28961FDC00234156 = {
			isa = PBXGroup;
			children = (
				513E6F5728961FDC00234156 /* appLoginEbac */,
				513E6F5628961FDC00234156 /* Products */,
			);
			sourceTree = "<group>";
		};
		513E6F5628961FDC00234156 /* Products */ = {
			isa = PBXGroup;
			children = (
				513E6F5528961FDC00234156 /* appLoginEbac.app */,
			);
			name = Products;
			sourceTree = "<group>";
		};
		513E6F5728961FDC00234156 /* appLoginEbac */ = {
			isa = PBXGroup;
			children = (
				513E6F5828961FDC00234156 /* AppDelegate.swift */,
				513E6F5A28961FDC00234156 /* SceneDelegate.swift */,
				51B1F72728DA869C006FB8B2 /* Profire */,
				51B1F72328DA8678006FB8B2 /* Home */,
				51B1F71F28DA85EA006FB8B2 /* Login */,
				51B1F71B28DA855F006FB8B2 /* Notice */,
				51B1EDF628ADA6D0007A04BC /* Network */,
				513E6F6128961FEB00234156 /* Assets.xcassets */,
				513E6F6328961FEB00234156 /* LaunchScreen.storyboard */,
				513E6F6628961FEB00234156 /* Info.plist */,
			);
			path = appLoginEbac;
			sourceTree = "<group>";
		};
		51B1EDF628ADA6D0007A04BC /* Network */ = {
			isa = PBXGroup;
			children = (
				51B1EE1028BC3812007A04BC /* NetworkManager.swift */,
				51B1EE1228BC394C007A04BC /* ResponseNews.swift */,
			);
			path = Network;
			sourceTree = "<group>";
		};
		51B1F71B28DA855F006FB8B2 /* Notice */ = {
			isa = PBXGroup;
			children = (
				51B1F71E28DA858A006FB8B2 /* Model */,
				51B1F71D28DA8582006FB8B2 /* View */,
				51B1F71C28DA856D006FB8B2 /* Controller */,
			);
			path = Notice;
			sourceTree = "<group>";
		};
		51B1F71C28DA856D006FB8B2 /* Controller */ = {
			isa = PBXGroup;
			children = (
				51B1EE0728AEFBB8007A04BC /* NoticeViewController.swift */,
			);
			path = Controller;
			sourceTree = "<group>";
		};
		51B1F71D28DA8582006FB8B2 /* View */ = {
			isa = PBXGroup;
			children = (
				51B1EE0C28B134C4007A04BC /* CustonTableViewCell.swift */,
			);
			path = View;
			sourceTree = "<group>";
		};
		51B1F71E28DA858A006FB8B2 /* Model */ = {
			isa = PBXGroup;
			children = (
				51B1F71828DA7ECA006FB8B2 /* NewsData.swift */,
			);
			path = Model;
			sourceTree = "<group>";
		};
		51B1F71F28DA85EA006FB8B2 /* Login */ = {
			isa = PBXGroup;
			children = (
				51B1F72228DA8633006FB8B2 /* Model */,
				51B1F72128DA8600006FB8B2 /* Controller */,
				51B1F72028DA85F3006FB8B2 /* View */,
			);
			path = Login;
			sourceTree = "<group>";
		};
		51B1F72028DA85F3006FB8B2 /* View */ = {
			isa = PBXGroup;
			children = (
				51B1EDFA28ADABD3007A04BC /* LoginScreen.swift */,
			);
			path = View;
			sourceTree = "<group>";
		};
		51B1F72128DA8600006FB8B2 /* Controller */ = {
			isa = PBXGroup;
			children = (
				513E6F5C28961FDC00234156 /* LoginViewController.swift */,
			);
			path = Controller;
			sourceTree = "<group>";
		};
		51B1F72228DA8633006FB8B2 /* Model */ = {
			isa = PBXGroup;
			children = (
			);
			path = Model;
			sourceTree = "<group>";
		};
		51B1F72328DA8678006FB8B2 /* Home */ = {
			isa = PBXGroup;
			children = (
				51B1F72628DA868A006FB8B2 /* Model */,
				51B1F72528DA8685006FB8B2 /* View */,
				51B1F72428DA867E006FB8B2 /* Controller */,
			);
			path = Home;
			sourceTree = "<group>";
		};
		51B1F72428DA867E006FB8B2 /* Controller */ = {
			isa = PBXGroup;
			children = (
				51B1EE0128AEFADB007A04BC /* HomeTabBarController.swift */,
			);
			path = Controller;
			sourceTree = "<group>";
		};
		51B1F72528DA8685006FB8B2 /* View */ = {
			isa = PBXGroup;
			children = (
			);
			path = View;
			sourceTree = "<group>";
		};
		51B1F72628DA868A006FB8B2 /* Model */ = {
			isa = PBXGroup;
			children = (
			);
			path = Model;
			sourceTree = "<group>";
		};
		51B1F72728DA869C006FB8B2 /* Profire */ = {
			isa = PBXGroup;
			children = (
				51B1F72A28DA86B8006FB8B2 /* Model */,
				51B1F72928DA86B4006FB8B2 /* View */,
				51B1F72828DA86AC006FB8B2 /* Controller */,
			);
			path = Profire;
			sourceTree = "<group>";
		};
		51B1F72828DA86AC006FB8B2 /* Controller */ = {
			isa = PBXGroup;
			children = (
				51B1EE0528AEFB91007A04BC /* ProfileViewController.swift */,
			);
			path = Controller;
			sourceTree = "<group>";
		};
		51B1F72928DA86B4006FB8B2 /* View */ = {
			isa = PBXGroup;
			children = (
			);
			path = View;
			sourceTree = "<group>";
		};
		51B1F72A28DA86B8006FB8B2 /* Model */ = {
			isa = PBXGroup;
			children = (
			);
			path = Model;
			sourceTree = "<group>";
		};
/* End PBXGroup section */

/* Begin PBXNativeTarget section */
		513E6F5428961FDC00234156 /* appLoginEbac */ = {
			isa = PBXNativeTarget;
			buildConfigurationList = 513E6F6928961FEB00234156 /* Build configuration list for PBXNativeTarget "appLoginEbac" */;
			buildPhases = (
				513E6F5128961FDC00234156 /* Sources */,
				513E6F5228961FDC00234156 /* Frameworks */,
				513E6F5328961FDC00234156 /* Resources */,
			);
			buildRules = (
			);
			dependencies = (
			);
			name = appLoginEbac;
			productName = appLoginEbac;
			productReference = 513E6F5528961FDC00234156 /* appLoginEbac.app */;
			productType = "com.apple.product-type.application";
		};
/* End PBXNativeTarget section */

/* Begin PBXProject section */
		513E6F4D28961FDC00234156 /* Project object */ = {
			isa = PBXProject;
			attributes = {
				BuildIndependentTargetsInParallel = 1;
				LastSwiftUpdateCheck = 1340;
				LastUpgradeCheck = 1340;
				TargetAttributes = {
					513E6F5428961FDC00234156 = {
						CreatedOnToolsVersion = 13.4.1;
					};
				};
			};
			buildConfigurationList = 513E6F5028961FDC00234156 /* Build configuration list for PBXProject "appLoginEbac" */;
			compatibilityVersion = "Xcode 13.0";
			developmentRegion = en;
			hasScannedForEncodings = 0;
			knownRegions = (
				en,
				Base,
			);
			mainGroup = 513E6F4C28961FDC00234156;
			productRefGroup = 513E6F5628961FDC00234156 /* Products */;
			projectDirPath = "";
			projectRoot = "";
			targets = (
				513E6F5428961FDC00234156 /* appLoginEbac */,
			);
		};
/* End PBXProject section */

/* Begin PBXResourcesBuildPhase section */
		513E6F5328961FDC00234156 /* Resources */ = {
			isa = PBXResourcesBuildPhase;
			buildActionMask = 2147483647;
			files = (
				513E6F6528961FEB00234156 /* LaunchScreen.storyboard in Resources */,
				513E6F6228961FEB00234156 /* Assets.xcassets in Resources */,
			);
			runOnlyForDeploymentPostprocessing = 0;
		};
/* End PBXResourcesBuildPhase section */

/* Begin PBXSourcesBuildPhase section */
		513E6F5128961FDC00234156 /* Sources */ = {
			isa = PBXSourcesBuildPhase;
			buildActionMask = 2147483647;
			files = (
				51B1EE1128BC3812007A04BC /* NetworkManager.swift in Sources */,
				51B1EE0828AEFBB8007A04BC /* NoticeViewController.swift in Sources */,
				51B1EE0628AEFB91007A04BC /* ProfileViewController.swift in Sources */,
				51B1EE1328BC394C007A04BC /* ResponseNews.swift in Sources */,
				51B1EE0228AEFADB007A04BC /* HomeTabBarController.swift in Sources */,
				513E6F5D28961FDC00234156 /* LoginViewController.swift in Sources */,
				51B1F71928DA7ECA006FB8B2 /* NewsData.swift in Sources */,
				51B1EDFB28ADABD3007A04BC /* LoginScreen.swift in Sources */,
				51B1EE0D28B134C4007A04BC /* CustonTableViewCell.swift in Sources */,
				513E6F5928961FDC00234156 /* AppDelegate.swift in Sources */,
				513E6F5B28961FDC00234156 /* SceneDelegate.swift in Sources */,
			);
			runOnlyForDeploymentPostprocessing = 0;
		};
/* End PBXSourcesBuildPhase section */

/* Begin PBXVariantGroup section */
		513E6F6328961FEB00234156 /* LaunchScreen.storyboard */ = {
			isa = PBXVariantGroup;
			children = (
				513E6F6428961FEB00234156 /* Base */,
			);
			name = LaunchScreen.storyboard;
			sourceTree = "<group>";
		};
/* End PBXVariantGroup section */

/* Begin XCBuildConfiguration section */
		513E6F6728961FEB00234156 /* Debug */ = {
			isa = XCBuildConfiguration;
			buildSettings = {
				ALWAYS_SEARCH_USER_PATHS = NO;
				CLANG_ANALYZER_NONNULL = YES;
				CLANG_ANALYZER_NUMBER_OBJECT_CONVERSION = YES_AGGRESSIVE;
				CLANG_CXX_LANGUAGE_STANDARD = "gnu++17";
				CLANG_ENABLE_MODULES = YES;
				CLANG_ENABLE_OBJC_ARC = YES;
				CLANG_ENABLE_OBJC_WEAK = YES;
				CLANG_WARN_BLOCK_CAPTURE_AUTORELEASING = YES;
				CLANG_WARN_BOOL_CONVERSION = YES;
				CLANG_WARN_COMMA = YES;
				CLANG_WARN_CONSTANT_CONVERSION = YES;
				CLANG_WARN_DEPRECATED_OBJC_IMPLEMENTATIONS = YES;
				CLANG_WARN_DIRECT_OBJC_ISA_USAGE = YES_ERROR;
				CLANG_WARN_DOCUMENTATION_COMMENTS = YES;
				CLANG_WARN_EMPTY_BODY = YES;
				CLANG_WARN_ENUM_CONVERSION = YES;
				CLANG_WARN_INFINITE_RECURSION = YES;
				CLANG_WARN_INT_CONVERSION = YES;
				CLANG_WARN_NON_LITERAL_NULL_CONVERSION = YES;
				CLANG_WARN_OBJC_IMPLICIT_RETAIN_SELF = YES;
				CLANG_WARN_OBJC_LITERAL_CONVERSION = YES;
				CLANG_WARN_OBJC_ROOT_CLASS = YES_ERROR;
				CLANG_WARN_QUOTED_INCLUDE_IN_FRAMEWORK_HEADER = YES;
				CLANG_WARN_RANGE_LOOP_ANALYSIS = YES;
				CLANG_WARN_STRICT_PROTOTYPES = YES;
				CLANG_WARN_SUSPICIOUS_MOVE = YES;
				CLANG_WARN_UNGUARDED_AVAILABILITY = YES_AGGRESSIVE;
				CLANG_WARN_UNREACHABLE_CODE = YES;
				CLANG_WARN__DUPLICATE_METHOD_MATCH = YES;
				COPY_PHASE_STRIP = NO;
				DEBUG_INFORMATION_FORMAT = dwarf;
				ENABLE_STRICT_OBJC_MSGSEND = YES;
				ENABLE_TESTABILITY = YES;
				GCC_C_LANGUAGE_STANDARD = gnu11;
				GCC_DYNAMIC_NO_PIC = NO;
				GCC_NO_COMMON_BLOCKS = YES;
				GCC_OPTIMIZATION_LEVEL = 0;
				GCC_PREPROCESSOR_DEFINITIONS = (
					"DEBUG=1",
					"$(inherited)",
				);
				GCC_WARN_64_TO_32_BIT_CONVERSION = YES;
				GCC_WARN_ABOUT_RETURN_TYPE = YES_ERROR;
				GCC_WARN_UNDECLARED_SELECTOR = YES;
				GCC_WARN_UNINITIALIZED_AUTOS = YES_AGGRESSIVE;
				GCC_WARN_UNUSED_FUNCTION = YES;
				GCC_WARN_UNUSED_VARIABLE = YES;
				IPHONEOS_DEPLOYMENT_TARGET = 15.5;
				MTL_ENABLE_DEBUG_INFO = INCLUDE_SOURCE;
				MTL_FAST_MATH = YES;
				ONLY_ACTIVE_ARCH = YES;
				SDKROOT = iphoneos;
				SWIFT_ACTIVE_COMPILATION_CONDITIONS = DEBUG;
				SWIFT_OPTIMIZATION_LEVEL = "-Onone";
			};
			name = Debug;
		};
		513E6F6828961FEB00234156 /* Release */ = {
			isa = XCBuildConfiguration;
			buildSettings = {
				ALWAYS_SEARCH_USER_PATHS = NO;
				CLANG_ANALYZER_NONNULL = YES;
				CLANG_ANALYZER_NUMBER_OBJECT_CONVERSION = YES_AGGRESSIVE;
				CLANG_CXX_LANGUAGE_STANDARD = "gnu++17";
				CLANG_ENABLE_MODULES = YES;
				CLANG_ENABLE_OBJC_ARC = YES;
				CLANG_ENABLE_OBJC_WEAK = YES;
				CLANG_WARN_BLOCK_CAPTURE_AUTORELEASING = YES;
				CLANG_WARN_BOOL_CONVERSION = YES;
				CLANG_WARN_COMMA = YES;
				CLANG_WARN_CONSTANT_CONVERSION = YES;
				CLANG_WARN_DEPRECATED_OBJC_IMPLEMENTATIONS = YES;
				CLANG_WARN_DIRECT_OBJC_ISA_USAGE = YES_ERROR;
				CLANG_WARN_DOCUMENTATION_COMMENTS = YES;
				CLANG_WARN_EMPTY_BODY = YES;
				CLANG_WARN_ENUM_CONVERSION = YES;
				CLANG_WARN_INFINITE_RECURSION = YES;
				CLANG_WARN_INT_CONVERSION = YES;
				CLANG_WARN_NON_LITERAL_NULL_CONVERSION = YES;
				CLANG_WARN_OBJC_IMPLICIT_RETAIN_SELF = YES;
				CLANG_WARN_OBJC_LITERAL_CONVERSION = YES;
				CLANG_WARN_OBJC_ROOT_CLASS = YES_ERROR;
				CLANG_WARN_QUOTED_INCLUDE_IN_FRAMEWORK_HEADER = YES;
				CLANG_WARN_RANGE_LOOP_ANALYSIS = YES;
				CLANG_WARN_STRICT_PROTOTYPES = YES;
				CLANG_WARN_SUSPICIOUS_MOVE = YES;
				CLANG_WARN_UNGUARDED_AVAILABILITY = YES_AGGRESSIVE;
				CLANG_WARN_UNREACHABLE_CODE = YES;
				CLANG_WARN__DUPLICATE_METHOD_MATCH = YES;
				COPY_PHASE_STRIP = NO;
				DEBUG_INFORMATION_FORMAT = "dwarf-with-dsym";
				ENABLE_NS_ASSERTIONS = NO;
				ENABLE_STRICT_OBJC_MSGSEND = YES;
				GCC_C_LANGUAGE_STANDARD = gnu11;
				GCC_NO_COMMON_BLOCKS = YES;
				GCC_WARN_64_TO_32_BIT_CONVERSION = YES;
				GCC_WARN_ABOUT_RETURN_TYPE = YES_ERROR;
				GCC_WARN_UNDECLARED_SELECTOR = YES;
				GCC_WARN_UNINITIALIZED_AUTOS = YES_AGGRESSIVE;
				GCC_WARN_UNUSED_FUNCTION = YES;
				GCC_WARN_UNUSED_VARIABLE = YES;
				IPHONEOS_DEPLOYMENT_TARGET = 15.5;
				MTL_ENABLE_DEBUG_INFO = NO;
				MTL_FAST_MATH = YES;
				SDKROOT = iphoneos;
				SWIFT_COMPILATION_MODE = wholemodule;
				SWIFT_OPTIMIZATION_LEVEL = "-O";
				VALIDATE_PRODUCT = YES;
			};
			name = Release;
		};
		513E6F6A28961FEB00234156 /* Debug */ = {
			isa = XCBuildConfiguration;
			buildSettings = {
				ASSETCATALOG_COMPILER_APPICON_NAME = AppIcon;
				ASSETCATALOG_COMPILER_GLOBAL_ACCENT_COLOR_NAME = AccentColor;
				CODE_SIGN_STYLE = Automatic;
				CURRENT_PROJECT_VERSION = 1;
				GENERATE_INFOPLIST_FILE = YES;
				INFOPLIST_FILE = appLoginEbac/Info.plist;
				INFOPLIST_KEY_UIApplicationSupportsIndirectInputEvents = YES;
				INFOPLIST_KEY_UILaunchStoryboardName = LaunchScreen;
				INFOPLIST_KEY_UISupportedInterfaceOrientations_iPad = "UIInterfaceOrientationPortrait UIInterfaceOrientationPortraitUpsideDown UIInterfaceOrientationLandscapeLeft UIInterfaceOrientationLandscapeRight";
				INFOPLIST_KEY_UISupportedInterfaceOrientations_iPhone = "UIInterfaceOrientationPortrait UIInterfaceOrientationLandscapeLeft UIInterfaceOrientationLandscapeRight";
				IPHONEOS_DEPLOYMENT_TARGET = 13.0;
				LD_RUNPATH_SEARCH_PATHS = (
					"$(inherited)",
					"@executable_path/Frameworks",
				);
				MARKETING_VERSION = 1.0;
				PRODUCT_BUNDLE_IDENTIFIER = com.gilmarjr.appLoginEbac;
				PRODUCT_NAME = "$(TARGET_NAME)";
				SWIFT_EMIT_LOC_STRINGS = YES;
				SWIFT_VERSION = 5.0;
				TARGETED_DEVICE_FAMILY = 1;
			};
			name = Debug;
		};
		513E6F6B28961FEB00234156 /* Release */ = {
			isa = XCBuildConfiguration;
			buildSettings = {
				ASSETCATALOG_COMPILER_APPICON_NAME = AppIcon;
				ASSETCATALOG_COMPILER_GLOBAL_ACCENT_COLOR_NAME = AccentColor;
				CODE_SIGN_STYLE = Automatic;
				CURRENT_PROJECT_VERSION = 1;
				GENERATE_INFOPLIST_FILE = YES;
				INFOPLIST_FILE = appLoginEbac/Info.plist;
				INFOPLIST_KEY_UIApplicationSupportsIndirectInputEvents = YES;
				INFOPLIST_KEY_UILaunchStoryboardName = LaunchScreen;
				INFOPLIST_KEY_UISupportedInterfaceOrientations_iPad = "UIInterfaceOrientationPortrait UIInterfaceOrientationPortraitUpsideDown UIInterfaceOrientationLandscapeLeft UIInterfaceOrientationLandscapeRight";
				INFOPLIST_KEY_UISupportedInterfaceOrientations_iPhone = "UIInterfaceOrientationPortrait UIInterfaceOrientationLandscapeLeft UIInterfaceOrientationLandscapeRight";
				IPHONEOS_DEPLOYMENT_TARGET = 13.0;
				LD_RUNPATH_SEARCH_PATHS = (
					"$(inherited)",
					"@executable_path/Frameworks",
				);
				MARKETING_VERSION = 1.0;
				PRODUCT_BUNDLE_IDENTIFIER = com.gilmarjr.appLoginEbac;
				PRODUCT_NAME = "$(TARGET_NAME)";
				SWIFT_EMIT_LOC_STRINGS = YES;
				SWIFT_VERSION = 5.0;
				TARGETED_DEVICE_FAMILY = 1;
			};
			name = Release;
		};
/* End XCBuildConfiguration section */

/* Begin XCConfigurationList section */
		513E6F5028961FDC00234156 /* Build configuration list for PBXProject "appLoginEbac" */ = {
			isa = XCConfigurationList;
			buildConfigurations = (
				513E6F6728961FEB00234156 /* Debug */,
				513E6F6828961FEB00234156 /* Release */,
			);
			defaultConfigurationIsVisible = 0;
			defaultConfigurationName = Release;
		};
		513E6F6928961FEB00234156 /* Build configuration list for PBXNativeTarget "appLoginEbac" */ = {
			isa = XCConfigurationList;
			buildConfigurations = (
				513E6F6A28961FEB00234156 /* Debug */,
				513E6F6B28961FEB00234156 /* Release */,
			);
			defaultConfigurationIsVisible = 0;
			defaultConfigurationName = Release;
		};
/* End XCConfigurationList section */
	};
	rootObject = 513E6F4D28961FDC00234156 /* Project object */;
}
